// !$*UTF8*$!
{
	archiveVersion = 1;
	classes = {
	};
	objectVersion = 55;
	objects = {

/* Begin PBXBuildFile section */
		8219C36E289961680092396E /* ExercisesView.swift in Sources */ = {isa = PBXBuildFile; fileRef = 8219C36D289961680092396E /* ExercisesView.swift */; };
		82B3BA3A289BBB6F00CDB5E0 /* Colors.swift in Sources */ = {isa = PBXBuildFile; fileRef = 82B3BA39289BBB6F00CDB5E0 /* Colors.swift */; };
		82B3BA3C289BC1F900CDB5E0 /* Exercises.swift in Sources */ = {isa = PBXBuildFile; fileRef = 82B3BA3B289BC1F900CDB5E0 /* Exercises.swift */; };
		82B3BA3E289BDA4E00CDB5E0 /* ProgramView.swift in Sources */ = {isa = PBXBuildFile; fileRef = 82B3BA3D289BDA4E00CDB5E0 /* ProgramView.swift */; };
		82B8859B289BFE5C003F7AA5 /* ProgramItem.swift in Sources */ = {isa = PBXBuildFile; fileRef = 82B8859A289BFE5C003F7AA5 /* ProgramItem.swift */; };
		82B8859D289BFE70003F7AA5 /* ProgramCell.swift in Sources */ = {isa = PBXBuildFile; fileRef = 82B8859C289BFE70003F7AA5 /* ProgramCell.swift */; };
		82CBB83228991F4200DA44D8 /* AppDelegate.swift in Sources */ = {isa = PBXBuildFile; fileRef = 82CBB83128991F4200DA44D8 /* AppDelegate.swift */; };
		82CBB83428991F4200DA44D8 /* SceneDelegate.swift in Sources */ = {isa = PBXBuildFile; fileRef = 82CBB83328991F4200DA44D8 /* SceneDelegate.swift */; };
		82CBB83628991F4200DA44D8 /* MainViewController.swift in Sources */ = {isa = PBXBuildFile; fileRef = 82CBB83528991F4200DA44D8 /* MainViewController.swift */; };
		82CBB83B28991F4400DA44D8 /* Assets.xcassets in Resources */ = {isa = PBXBuildFile; fileRef = 82CBB83A28991F4400DA44D8 /* Assets.xcassets */; };
		82CBB83E28991F4400DA44D8 /* LaunchScreen.storyboard in Resources */ = {isa = PBXBuildFile; fileRef = 82CBB83C28991F4400DA44D8 /* LaunchScreen.storyboard */; };
		82CBB84928991F4400DA44D8 /* FitnestXTests.swift in Sources */ = {isa = PBXBuildFile; fileRef = 82CBB84828991F4400DA44D8 /* FitnestXTests.swift */; };
		82CBB85328991F4400DA44D8 /* FitnestXUITests.swift in Sources */ = {isa = PBXBuildFile; fileRef = 82CBB85228991F4400DA44D8 /* FitnestXUITests.swift */; };
		82CBB85528991F4400DA44D8 /* FitnestXUITestsLaunchTests.swift in Sources */ = {isa = PBXBuildFile; fileRef = 82CBB85428991F4400DA44D8 /* FitnestXUITestsLaunchTests.swift */; };
		82CBB867289920F800DA44D8 /* ExerciseListViewController.swift in Sources */ = {isa = PBXBuildFile; fileRef = 82CBB866289920F800DA44D8 /* ExerciseListViewController.swift */; };
		82CBB8692899213400DA44D8 /* WebViewViewController.swift in Sources */ = {isa = PBXBuildFile; fileRef = 82CBB8682899213400DA44D8 /* WebViewViewController.swift */; };
		82CBB86C2899232400DA44D8 /* ViewPager.swift in Sources */ = {isa = PBXBuildFile; fileRef = 82CBB86B2899232400DA44D8 /* ViewPager.swift */; };
		82CBB86E2899233F00DA44D8 /* PagedView.swift in Sources */ = {isa = PBXBuildFile; fileRef = 82CBB86D2899233F00DA44D8 /* PagedView.swift */; };
		82CBB8702899235900DA44D8 /* PageCollectionViewCell.swift in Sources */ = {isa = PBXBuildFile; fileRef = 82CBB86F2899235900DA44D8 /* PageCollectionViewCell.swift */; };
		82CBB87228992C8D00DA44D8 /* index.html in Resources */ = {isa = PBXBuildFile; fileRef = 82CBB87128992C8D00DA44D8 /* index.html */; };
		82CBBBCC2899316A00DA44D8 /* 1.gif in Resources */ = {isa = PBXBuildFile; fileRef = 82CBBBCB2899316A00DA44D8 /* 1.gif */; };
		82FED061289A668D00242B9F /* ExerciseCell.swift in Sources */ = {isa = PBXBuildFile; fileRef = 82FED060289A668D00242B9F /* ExerciseCell.swift */; };
/* End PBXBuildFile section */

/* Begin PBXContainerItemProxy section */
		82CBB84528991F4400DA44D8 /* PBXContainerItemProxy */ = {
			isa = PBXContainerItemProxy;
			containerPortal = 82CBB82628991F4200DA44D8 /* Project object */;
			proxyType = 1;
			remoteGlobalIDString = 82CBB82D28991F4200DA44D8;
			remoteInfo = FitnestX;
		};
		82CBB84F28991F4400DA44D8 /* PBXContainerItemProxy */ = {
			isa = PBXContainerItemProxy;
			containerPortal = 82CBB82628991F4200DA44D8 /* Project object */;
			proxyType = 1;
			remoteGlobalIDString = 82CBB82D28991F4200DA44D8;
			remoteInfo = FitnestX;
		};
/* End PBXContainerItemProxy section */

/* Begin PBXFileReference section */
		8219C36D289961680092396E /* ExercisesView.swift */ = {isa = PBXFileReference; lastKnownFileType = sourcecode.swift; path = ExercisesView.swift; sourceTree = "<group>"; };
		82B3BA39289BBB6F00CDB5E0 /* Colors.swift */ = {isa = PBXFileReference; lastKnownFileType = sourcecode.swift; path = Colors.swift; sourceTree = "<group>"; };
		82B3BA3B289BC1F900CDB5E0 /* Exercises.swift */ = {isa = PBXFileReference; lastKnownFileType = sourcecode.swift; path = Exercises.swift; sourceTree = "<group>"; };
		82B3BA3D289BDA4E00CDB5E0 /* ProgramView.swift */ = {isa = PBXFileReference; lastKnownFileType = sourcecode.swift; path = ProgramView.swift; sourceTree = "<group>"; };
		82B8859A289BFE5C003F7AA5 /* ProgramItem.swift */ = {isa = PBXFileReference; lastKnownFileType = sourcecode.swift; path = ProgramItem.swift; sourceTree = "<group>"; };
		82B8859C289BFE70003F7AA5 /* ProgramCell.swift */ = {isa = PBXFileReference; lastKnownFileType = sourcecode.swift; path = ProgramCell.swift; sourceTree = "<group>"; };
		82CBB82E28991F4200DA44D8 /* FitnestX.app */ = {isa = PBXFileReference; explicitFileType = wrapper.application; includeInIndex = 0; path = FitnestX.app; sourceTree = BUILT_PRODUCTS_DIR; };
		82CBB83128991F4200DA44D8 /* AppDelegate.swift */ = {isa = PBXFileReference; lastKnownFileType = sourcecode.swift; path = AppDelegate.swift; sourceTree = "<group>"; };
		82CBB83328991F4200DA44D8 /* SceneDelegate.swift */ = {isa = PBXFileReference; lastKnownFileType = sourcecode.swift; path = SceneDelegate.swift; sourceTree = "<group>"; };
		82CBB83528991F4200DA44D8 /* MainViewController.swift */ = {isa = PBXFileReference; lastKnownFileType = sourcecode.swift; path = MainViewController.swift; sourceTree = "<group>"; };
		82CBB83A28991F4400DA44D8 /* Assets.xcassets */ = {isa = PBXFileReference; lastKnownFileType = folder.assetcatalog; path = Assets.xcassets; sourceTree = "<group>"; };
		82CBB83D28991F4400DA44D8 /* Base */ = {isa = PBXFileReference; lastKnownFileType = file.storyboard; name = Base; path = Base.lproj/LaunchScreen.storyboard; sourceTree = "<group>"; };
		82CBB83F28991F4400DA44D8 /* Info.plist */ = {isa = PBXFileReference; lastKnownFileType = text.plist.xml; path = Info.plist; sourceTree = "<group>"; };
		82CBB84428991F4400DA44D8 /* FitnestXTests.xctest */ = {isa = PBXFileReference; explicitFileType = wrapper.cfbundle; includeInIndex = 0; path = FitnestXTests.xctest; sourceTree = BUILT_PRODUCTS_DIR; };
		82CBB84828991F4400DA44D8 /* FitnestXTests.swift */ = {isa = PBXFileReference; lastKnownFileType = sourcecode.swift; path = FitnestXTests.swift; sourceTree = "<group>"; };
		82CBB84E28991F4400DA44D8 /* FitnestXUITests.xctest */ = {isa = PBXFileReference; explicitFileType = wrapper.cfbundle; includeInIndex = 0; path = FitnestXUITests.xctest; sourceTree = BUILT_PRODUCTS_DIR; };
		82CBB85228991F4400DA44D8 /* FitnestXUITests.swift */ = {isa = PBXFileReference; lastKnownFileType = sourcecode.swift; path = FitnestXUITests.swift; sourceTree = "<group>"; };
		82CBB85428991F4400DA44D8 /* FitnestXUITestsLaunchTests.swift */ = {isa = PBXFileReference; lastKnownFileType = sourcecode.swift; path = FitnestXUITestsLaunchTests.swift; sourceTree = "<group>"; };
		82CBB866289920F800DA44D8 /* ExerciseListViewController.swift */ = {isa = PBXFileReference; lastKnownFileType = sourcecode.swift; path = ExerciseListViewController.swift; sourceTree = "<group>"; };
		82CBB8682899213400DA44D8 /* WebViewViewController.swift */ = {isa = PBXFileReference; lastKnownFileType = sourcecode.swift; path = WebViewViewController.swift; sourceTree = "<group>"; };
		82CBB86B2899232400DA44D8 /* ViewPager.swift */ = {isa = PBXFileReference; lastKnownFileType = sourcecode.swift; path = ViewPager.swift; sourceTree = "<group>"; };
		82CBB86D2899233F00DA44D8 /* PagedView.swift */ = {isa = PBXFileReference; lastKnownFileType = sourcecode.swift; path = PagedView.swift; sourceTree = "<group>"; };
		82CBB86F2899235900DA44D8 /* PageCollectionViewCell.swift */ = {isa = PBXFileReference; lastKnownFileType = sourcecode.swift; path = PageCollectionViewCell.swift; sourceTree = "<group>"; };
		82CBB87128992C8D00DA44D8 /* index.html */ = {isa = PBXFileReference; lastKnownFileType = text.html; path = index.html; sourceTree = "<group>"; };
		82CBBBCB2899316A00DA44D8 /* 1.gif */ = {isa = PBXFileReference; lastKnownFileType = image.gif; path = 1.gif; sourceTree = "<group>"; };
		82FED060289A668D00242B9F /* ExerciseCell.swift */ = {isa = PBXFileReference; lastKnownFileType = sourcecode.swift; path = ExerciseCell.swift; sourceTree = "<group>"; };
/* End PBXFileReference section */

/* Begin PBXFrameworksBuildPhase section */
		82CBB82B28991F4200DA44D8 /* Frameworks */ = {
			isa = PBXFrameworksBuildPhase;
			buildActionMask = 2147483647;
			files = (
			);
			runOnlyForDeploymentPostprocessing = 0;
		};
		82CBB84128991F4400DA44D8 /* Frameworks */ = {
			isa = PBXFrameworksBuildPhase;
			buildActionMask = 2147483647;
			files = (
			);
			runOnlyForDeploymentPostprocessing = 0;
		};
		82CBB84B28991F4400DA44D8 /* Frameworks */ = {
			isa = PBXFrameworksBuildPhase;
			buildActionMask = 2147483647;
			files = (
			);
			runOnlyForDeploymentPostprocessing = 0;
		};
/* End PBXFrameworksBuildPhase section */

/* Begin PBXGroup section */
		8219C36B2899612B0092396E /* exercises */ = {
			isa = PBXGroup;
			children = (
				8219C36D289961680092396E /* ExercisesView.swift */,
				82FED060289A668D00242B9F /* ExerciseCell.swift */,
				82B3BA3B289BC1F900CDB5E0 /* Exercises.swift */,
			);
			path = exercises;
			sourceTree = "<group>";
		};
		8219C36C289961370092396E /* program */ = {
			isa = PBXGroup;
			children = (
				82B3BA3D289BDA4E00CDB5E0 /* ProgramView.swift */,
				82B8859C289BFE70003F7AA5 /* ProgramCell.swift */,
				82B8859A289BFE5C003F7AA5 /* ProgramItem.swift */,
			);
			path = program;
			sourceTree = "<group>";
		};
		82CBB82528991F4200DA44D8 = {
			isa = PBXGroup;
			children = (
				82CBB83028991F4200DA44D8 /* FitnestX */,
				82CBB84728991F4400DA44D8 /* FitnestXTests */,
				82CBB85128991F4400DA44D8 /* FitnestXUITests */,
				82CBB82F28991F4200DA44D8 /* Products */,
			);
			sourceTree = "<group>";
		};
		82CBB82F28991F4200DA44D8 /* Products */ = {
			isa = PBXGroup;
			children = (
				82CBB82E28991F4200DA44D8 /* FitnestX.app */,
				82CBB84428991F4400DA44D8 /* FitnestXTests.xctest */,
				82CBB84E28991F4400DA44D8 /* FitnestXUITests.xctest */,
			);
			name = Products;
			sourceTree = "<group>";
		};
		82CBB83028991F4200DA44D8 /* FitnestX */ = {
			isa = PBXGroup;
			children = (
				82CBB873289930BD00DA44D8 /* assets */,
				82CBB86228991F9A00DA44D8 /* screen */,
				82CBB86128991F7B00DA44D8 /* component */,
				82CBB83128991F4200DA44D8 /* AppDelegate.swift */,
				82CBB83328991F4200DA44D8 /* SceneDelegate.swift */,
				82CBB83A28991F4400DA44D8 /* Assets.xcassets */,
				82CBB83C28991F4400DA44D8 /* LaunchScreen.storyboard */,
				82CBB83F28991F4400DA44D8 /* Info.plist */,
				82B3BA39289BBB6F00CDB5E0 /* Colors.swift */,
			);
			path = FitnestX;
			sourceTree = "<group>";
		};
		82CBB84728991F4400DA44D8 /* FitnestXTests */ = {
			isa = PBXGroup;
			children = (
				82CBB84828991F4400DA44D8 /* FitnestXTests.swift */,
			);
			path = FitnestXTests;
			sourceTree = "<group>";
		};
		82CBB85128991F4400DA44D8 /* FitnestXUITests */ = {
			isa = PBXGroup;
			children = (
				82CBB85228991F4400DA44D8 /* FitnestXUITests.swift */,
				82CBB85428991F4400DA44D8 /* FitnestXUITestsLaunchTests.swift */,
			);
			path = FitnestXUITests;
			sourceTree = "<group>";
		};
		82CBB86128991F7B00DA44D8 /* component */ = {
			isa = PBXGroup;
			children = (
				82CBB86A289922DF00DA44D8 /* viewpager */,
			);
			path = component;
			sourceTree = "<group>";
		};
		82CBB86228991F9A00DA44D8 /* screen */ = {
			isa = PBXGroup;
			children = (
				82CBB86528991FD000DA44D8 /* webview */,
				82CBB86428991FBA00DA44D8 /* exerciselist */,
				82CBB86328991FB300DA44D8 /* main */,
			);
			path = screen;
			sourceTree = "<group>";
		};
		82CBB86328991FB300DA44D8 /* main */ = {
			isa = PBXGroup;
			children = (
				8219C36C289961370092396E /* program */,
				8219C36B2899612B0092396E /* exercises */,
				82CBB83528991F4200DA44D8 /* MainViewController.swift */,
			);
			path = main;
			sourceTree = "<group>";
		};
		82CBB86428991FBA00DA44D8 /* exerciselist */ = {
			isa = PBXGroup;
			children = (
				82CBB866289920F800DA44D8 /* ExerciseListViewController.swift */,
			);
			path = exerciselist;
			sourceTree = "<group>";
		};
		82CBB86528991FD000DA44D8 /* webview */ = {
			isa = PBXGroup;
			children = (
				82CBB8682899213400DA44D8 /* WebViewViewController.swift */,
			);
			path = webview;
			sourceTree = "<group>";
		};
		82CBB86A289922DF00DA44D8 /* viewpager */ = {
			isa = PBXGroup;
			children = (
				82CBB86B2899232400DA44D8 /* ViewPager.swift */,
				82CBB86D2899233F00DA44D8 /* PagedView.swift */,
				82CBB86F2899235900DA44D8 /* PageCollectionViewCell.swift */,
			);
			path = viewpager;
			sourceTree = "<group>";
		};
		82CBB873289930BD00DA44D8 /* assets */ = {
			isa = PBXGroup;
			children = (
				82CBB87128992C8D00DA44D8 /* index.html */,
				82CBBBCB2899316A00DA44D8 /* 1.gif */,
			);
			path = assets;
			sourceTree = "<group>";
		};
/* End PBXGroup section */

/* Begin PBXNativeTarget section */
		82CBB82D28991F4200DA44D8 /* FitnestX */ = {
			isa = PBXNativeTarget;
			buildConfigurationList = 82CBB85828991F4400DA44D8 /* Build configuration list for PBXNativeTarget "FitnestX" */;
			buildPhases = (
				82CBB82A28991F4200DA44D8 /* Sources */,
				82CBB82B28991F4200DA44D8 /* Frameworks */,
				82CBB82C28991F4200DA44D8 /* Resources */,
			);
			buildRules = (
			);
			dependencies = (
			);
			name = FitnestX;
			productName = FitnestX;
			productReference = 82CBB82E28991F4200DA44D8 /* FitnestX.app */;
			productType = "com.apple.product-type.application";
		};
		82CBB84328991F4400DA44D8 /* FitnestXTests */ = {
			isa = PBXNativeTarget;
			buildConfigurationList = 82CBB85B28991F4400DA44D8 /* Build configuration list for PBXNativeTarget "FitnestXTests" */;
			buildPhases = (
				82CBB84028991F4400DA44D8 /* Sources */,
				82CBB84128991F4400DA44D8 /* Frameworks */,
				82CBB84228991F4400DA44D8 /* Resources */,
			);
			buildRules = (
			);
			dependencies = (
				82CBB84628991F4400DA44D8 /* PBXTargetDependency */,
			);
			name = FitnestXTests;
			productName = FitnestXTests;
			productReference = 82CBB84428991F4400DA44D8 /* FitnestXTests.xctest */;
			productType = "com.apple.product-type.bundle.unit-test";
		};
		82CBB84D28991F4400DA44D8 /* FitnestXUITests */ = {
			isa = PBXNativeTarget;
			buildConfigurationList = 82CBB85E28991F4400DA44D8 /* Build configuration list for PBXNativeTarget "FitnestXUITests" */;
			buildPhases = (
				82CBB84A28991F4400DA44D8 /* Sources */,
				82CBB84B28991F4400DA44D8 /* Frameworks */,
				82CBB84C28991F4400DA44D8 /* Resources */,
			);
			buildRules = (
			);
			dependencies = (
				82CBB85028991F4400DA44D8 /* PBXTargetDependency */,
			);
			name = FitnestXUITests;
			productName = FitnestXUITests;
			productReference = 82CBB84E28991F4400DA44D8 /* FitnestXUITests.xctest */;
			productType = "com.apple.product-type.bundle.ui-testing";
		};
/* End PBXNativeTarget section */

/* Begin PBXProject section */
		82CBB82628991F4200DA44D8 /* Project object */ = {
			isa = PBXProject;
			attributes = {
				BuildIndependentTargetsInParallel = 1;
				LastSwiftUpdateCheck = 1310;
				LastUpgradeCheck = 1310;
				TargetAttributes = {
					82CBB82D28991F4200DA44D8 = {
						CreatedOnToolsVersion = 13.1;
					};
					82CBB84328991F4400DA44D8 = {
						CreatedOnToolsVersion = 13.1;
						TestTargetID = 82CBB82D28991F4200DA44D8;
					};
					82CBB84D28991F4400DA44D8 = {
						CreatedOnToolsVersion = 13.1;
						TestTargetID = 82CBB82D28991F4200DA44D8;
					};
				};
			};
			buildConfigurationList = 82CBB82928991F4200DA44D8 /* Build configuration list for PBXProject "FitnestX" */;
			compatibilityVersion = "Xcode 13.0";
			developmentRegion = en;
			hasScannedForEncodings = 0;
			knownRegions = (
				en,
				Base,
			);
			mainGroup = 82CBB82528991F4200DA44D8;
			productRefGroup = 82CBB82F28991F4200DA44D8 /* Products */;
			projectDirPath = "";
			projectRoot = "";
			targets = (
				82CBB82D28991F4200DA44D8 /* FitnestX */,
				82CBB84328991F4400DA44D8 /* FitnestXTests */,
				82CBB84D28991F4400DA44D8 /* FitnestXUITests */,
			);
		};
/* End PBXProject section */

/* Begin PBXResourcesBuildPhase section */
		82CBB82C28991F4200DA44D8 /* Resources */ = {
			isa = PBXResourcesBuildPhase;
			buildActionMask = 2147483647;
			files = (
				82CBB87228992C8D00DA44D8 /* index.html in Resources */,
				82CBBBCC2899316A00DA44D8 /* 1.gif in Resources */,
				82CBB83E28991F4400DA44D8 /* LaunchScreen.storyboard in Resources */,
				82CBB83B28991F4400DA44D8 /* Assets.xcassets in Resources */,
			);
			runOnlyForDeploymentPostprocessing = 0;
		};
		82CBB84228991F4400DA44D8 /* Resources */ = {
			isa = PBXResourcesBuildPhase;
			buildActionMask = 2147483647;
			files = (
			);
			runOnlyForDeploymentPostprocessing = 0;
		};
		82CBB84C28991F4400DA44D8 /* Resources */ = {
			isa = PBXResourcesBuildPhase;
			buildActionMask = 2147483647;
			files = (
			);
			runOnlyForDeploymentPostprocessing = 0;
		};
/* End PBXResourcesBuildPhase section */

/* Begin PBXSourcesBuildPhase section */
		82CBB82A28991F4200DA44D8 /* Sources */ = {
			isa = PBXSourcesBuildPhase;
			buildActionMask = 2147483647;
			files = (
				8219C36E289961680092396E /* ExercisesView.swift in Sources */,
				82B3BA3C289BC1F900CDB5E0 /* Exercises.swift in Sources */,
				82B3BA3A289BBB6F00CDB5E0 /* Colors.swift in Sources */,
				82CBB8692899213400DA44D8 /* WebViewViewController.swift in Sources */,
				82B8859D289BFE70003F7AA5 /* ProgramCell.swift in Sources */,
				82CBB867289920F800DA44D8 /* ExerciseListViewController.swift in Sources */,
				82B8859B289BFE5C003F7AA5 /* ProgramItem.swift in Sources */,
				82B3BA3E289BDA4E00CDB5E0 /* ProgramView.swift in Sources */,
				82FED061289A668D00242B9F /* ExerciseCell.swift in Sources */,
				82CBB86C2899232400DA44D8 /* ViewPager.swift in Sources */,
				82CBB8702899235900DA44D8 /* PageCollectionViewCell.swift in Sources */,
				82CBB86E2899233F00DA44D8 /* PagedView.swift in Sources */,
				82CBB83628991F4200DA44D8 /* MainViewController.swift in Sources */,
				82CBB83228991F4200DA44D8 /* AppDelegate.swift in Sources */,
				82CBB83428991F4200DA44D8 /* SceneDelegate.swift in Sources */,
			);
			runOnlyForDeploymentPostprocessing = 0;
		};
		82CBB84028991F4400DA44D8 /* Sources */ = {
			isa = PBXSourcesBuildPhase;
			buildActionMask = 2147483647;
			files = (
				82CBB84928991F4400DA44D8 /* FitnestXTests.swift in Sources */,
			);
			runOnlyForDeploymentPostprocessing = 0;
		};
		82CBB84A28991F4400DA44D8 /* Sources */ = {
			isa = PBXSourcesBuildPhase;
			buildActionMask = 2147483647;
			files = (
				82CBB85528991F4400DA44D8 /* FitnestXUITestsLaunchTests.swift in Sources */,
				82CBB85328991F4400DA44D8 /* FitnestXUITests.swift in Sources */,
			);
			runOnlyForDeploymentPostprocessing = 0;
		};
/* End PBXSourcesBuildPhase section */

/* Begin PBXTargetDependency section */
		82CBB84628991F4400DA44D8 /* PBXTargetDependency */ = {
			isa = PBXTargetDependency;
			target = 82CBB82D28991F4200DA44D8 /* FitnestX */;
			targetProxy = 82CBB84528991F4400DA44D8 /* PBXContainerItemProxy */;
		};
		82CBB85028991F4400DA44D8 /* PBXTargetDependency */ = {
			isa = PBXTargetDependency;
			target = 82CBB82D28991F4200DA44D8 /* FitnestX */;
			targetProxy = 82CBB84F28991F4400DA44D8 /* PBXContainerItemProxy */;
		};
/* End PBXTargetDependency section */

/* Begin PBXVariantGroup section */
		82CBB83C28991F4400DA44D8 /* LaunchScreen.storyboard */ = {
			isa = PBXVariantGroup;
			children = (
				82CBB83D28991F4400DA44D8 /* Base */,
			);
			name = LaunchScreen.storyboard;
			sourceTree = "<group>";
		};
/* End PBXVariantGroup section */

/* Begin XCBuildConfiguration section */
		82CBB85628991F4400DA44D8 /* Debug */ = {
			isa = XCBuildConfiguration;
			buildSettings = {
				ALWAYS_SEARCH_USER_PATHS = NO;
				CLANG_ANALYZER_NONNULL = YES;
				CLANG_ANALYZER_NUMBER_OBJECT_CONVERSION = YES_AGGRESSIVE;
				CLANG_CXX_LANGUAGE_STANDARD = "gnu++17";
				CLANG_CXX_LIBRARY = "libc++";
				CLANG_ENABLE_MODULES = YES;
				CLANG_ENABLE_OBJC_ARC = YES;
				CLANG_ENABLE_OBJC_WEAK = YES;
				CLANG_WARN_BLOCK_CAPTURE_AUTORELEASING = YES;
				CLANG_WARN_BOOL_CONVERSION = YES;
				CLANG_WARN_COMMA = YES;
				CLANG_WARN_CONSTANT_CONVERSION = YES;
				CLANG_WARN_DEPRECATED_OBJC_IMPLEMENTATIONS = YES;
				CLANG_WARN_DIRECT_OBJC_ISA_USAGE = YES_ERROR;
				CLANG_WARN_DOCUMENTATION_COMMENTS = YES;
				CLANG_WARN_EMPTY_BODY = YES;
				CLANG_WARN_ENUM_CONVERSION = YES;
				CLANG_WARN_INFINITE_RECURSION = YES;
				CLANG_WARN_INT_CONVERSION = YES;
				CLANG_WARN_NON_LITERAL_NULL_CONVERSION = YES;
				CLANG_WARN_OBJC_IMPLICIT_RETAIN_SELF = YES;
				CLANG_WARN_OBJC_LITERAL_CONVERSION = YES;
				CLANG_WARN_OBJC_ROOT_CLASS = YES_ERROR;
				CLANG_WARN_QUOTED_INCLUDE_IN_FRAMEWORK_HEADER = YES;
				CLANG_WARN_RANGE_LOOP_ANALYSIS = YES;
				CLANG_WARN_STRICT_PROTOTYPES = YES;
				CLANG_WARN_SUSPICIOUS_MOVE = YES;
				CLANG_WARN_UNGUARDED_AVAILABILITY = YES_AGGRESSIVE;
				CLANG_WARN_UNREACHABLE_CODE = YES;
				CLANG_WARN__DUPLICATE_METHOD_MATCH = YES;
				COPY_PHASE_STRIP = NO;
				DEBUG_INFORMATION_FORMAT = dwarf;
				ENABLE_STRICT_OBJC_MSGSEND = YES;
				ENABLE_TESTABILITY = YES;
				GCC_C_LANGUAGE_STANDARD = gnu11;
				GCC_DYNAMIC_NO_PIC = NO;
				GCC_NO_COMMON_BLOCKS = YES;
				GCC_OPTIMIZATION_LEVEL = 0;
				GCC_PREPROCESSOR_DEFINITIONS = (
					"DEBUG=1",
					"$(inherited)",
				);
				GCC_WARN_64_TO_32_BIT_CONVERSION = YES;
				GCC_WARN_ABOUT_RETURN_TYPE = YES_ERROR;
				GCC_WARN_UNDECLARED_SELECTOR = YES;
				GCC_WARN_UNINITIALIZED_AUTOS = YES_AGGRESSIVE;
				GCC_WARN_UNUSED_FUNCTION = YES;
				GCC_WARN_UNUSED_VARIABLE = YES;
				IPHONEOS_DEPLOYMENT_TARGET = 15.0;
				MTL_ENABLE_DEBUG_INFO = INCLUDE_SOURCE;
				MTL_FAST_MATH = YES;
				ONLY_ACTIVE_ARCH = YES;
				SDKROOT = iphoneos;
				SWIFT_ACTIVE_COMPILATION_CONDITIONS = DEBUG;
				SWIFT_OPTIMIZATION_LEVEL = "-Onone";
			};
			name = Debug;
		};
		82CBB85728991F4400DA44D8 /* Release */ = {
			isa = XCBuildConfiguration;
			buildSettings = {
				ALWAYS_SEARCH_USER_PATHS = NO;
				CLANG_ANALYZER_NONNULL = YES;
				CLANG_ANALYZER_NUMBER_OBJECT_CONVERSION = YES_AGGRESSIVE;
				CLANG_CXX_LANGUAGE_STANDARD = "gnu++17";
				CLANG_CXX_LIBRARY = "libc++";
				CLANG_ENABLE_MODULES = YES;
				CLANG_ENABLE_OBJC_ARC = YES;
				CLANG_ENABLE_OBJC_WEAK = YES;
				CLANG_WARN_BLOCK_CAPTURE_AUTORELEASING = YES;
				CLANG_WARN_BOOL_CONVERSION = YES;
				CLANG_WARN_COMMA = YES;
				CLANG_WARN_CONSTANT_CONVERSION = YES;
				CLANG_WARN_DEPRECATED_OBJC_IMPLEMENTATIONS = YES;
				CLANG_WARN_DIRECT_OBJC_ISA_USAGE = YES_ERROR;
				CLANG_WARN_DOCUMENTATION_COMMENTS = YES;
				CLANG_WARN_EMPTY_BODY = YES;
				CLANG_WARN_ENUM_CONVERSION = YES;
				CLANG_WARN_INFINITE_RECURSION = YES;
				CLANG_WARN_INT_CONVERSION = YES;
				CLANG_WARN_NON_LITERAL_NULL_CONVERSION = YES;
				CLANG_WARN_OBJC_IMPLICIT_RETAIN_SELF = YES;
				CLANG_WARN_OBJC_LITERAL_CONVERSION = YES;
				CLANG_WARN_OBJC_ROOT_CLASS = YES_ERROR;
				CLANG_WARN_QUOTED_INCLUDE_IN_FRAMEWORK_HEADER = YES;
				CLANG_WARN_RANGE_LOOP_ANALYSIS = YES;
				CLANG_WARN_STRICT_PROTOTYPES = YES;
				CLANG_WARN_SUSPICIOUS_MOVE = YES;
				CLANG_WARN_UNGUARDED_AVAILABILITY = YES_AGGRESSIVE;
				CLANG_WARN_UNREACHABLE_CODE = YES;
				CLANG_WARN__DUPLICATE_METHOD_MATCH = YES;
				COPY_PHASE_STRIP = NO;
				DEBUG_INFORMATION_FORMAT = "dwarf-with-dsym";
				ENABLE_NS_ASSERTIONS = NO;
				ENABLE_STRICT_OBJC_MSGSEND = YES;
				GCC_C_LANGUAGE_STANDARD = gnu11;
				GCC_NO_COMMON_BLOCKS = YES;
				GCC_WARN_64_TO_32_BIT_CONVERSION = YES;
				GCC_WARN_ABOUT_RETURN_TYPE = YES_ERROR;
				GCC_WARN_UNDECLARED_SELECTOR = YES;
				GCC_WARN_UNINITIALIZED_AUTOS = YES_AGGRESSIVE;
				GCC_WARN_UNUSED_FUNCTION = YES;
				GCC_WARN_UNUSED_VARIABLE = YES;
				IPHONEOS_DEPLOYMENT_TARGET = 15.0;
				MTL_ENABLE_DEBUG_INFO = NO;
				MTL_FAST_MATH = YES;
				SDKROOT = iphoneos;
				SWIFT_COMPILATION_MODE = wholemodule;
				SWIFT_OPTIMIZATION_LEVEL = "-O";
				VALIDATE_PRODUCT = YES;
			};
			name = Release;
		};
		82CBB85928991F4400DA44D8 /* Debug */ = {
			isa = XCBuildConfiguration;
			buildSettings = {
				ASSETCATALOG_COMPILER_APPICON_NAME = AppIcon;
				ASSETCATALOG_COMPILER_GLOBAL_ACCENT_COLOR_NAME = AccentColor;
				CODE_SIGN_STYLE = Automatic;
				CURRENT_PROJECT_VERSION = 1;
				DEVELOPMENT_TEAM = 3RKFNMXH9L;
				GENERATE_INFOPLIST_FILE = YES;
				INFOPLIST_FILE = FitnestX/Info.plist;
				INFOPLIST_KEY_UIApplicationSupportsIndirectInputEvents = YES;
				INFOPLIST_KEY_UILaunchStoryboardName = LaunchScreen;
				INFOPLIST_KEY_UISupportedInterfaceOrientations_iPad = "UIInterfaceOrientationPortrait UIInterfaceOrientationPortraitUpsideDown UIInterfaceOrientationLandscapeLeft UIInterfaceOrientationLandscapeRight";
				INFOPLIST_KEY_UISupportedInterfaceOrientations_iPhone = "UIInterfaceOrientationPortrait UIInterfaceOrientationLandscapeLeft UIInterfaceOrientationLandscapeRight";
				LD_RUNPATH_SEARCH_PATHS = (
					"$(inherited)",
					"@executable_path/Frameworks",
				);
				MARKETING_VERSION = 1.0;
				PRODUCT_BUNDLE_IDENTIFIER = com.nanicky.dev.team.FitnestX;
				PRODUCT_NAME = "$(TARGET_NAME)";
				SWIFT_EMIT_LOC_STRINGS = YES;
				SWIFT_VERSION = 5.0;
				TARGETED_DEVICE_FAMILY = "1,2";
			};
			name = Debug;
		};
		82CBB85A28991F4400DA44D8 /* Release */ = {
			isa = XCBuildConfiguration;
			buildSettings = {
				ASSETCATALOG_COMPILER_APPICON_NAME = AppIcon;
				ASSETCATALOG_COMPILER_GLOBAL_ACCENT_COLOR_NAME = AccentColor;
				CODE_SIGN_STYLE = Automatic;
				CURRENT_PROJECT_VERSION = 1;
				DEVELOPMENT_TEAM = 3RKFNMXH9L;
				GENERATE_INFOPLIST_FILE = YES;
				INFOPLIST_FILE = FitnestX/Info.plist;
				INFOPLIST_KEY_UIApplicationSupportsIndirectInputEvents = YES;
				INFOPLIST_KEY_UILaunchStoryboardName = LaunchScreen;
				INFOPLIST_KEY_UISupportedInterfaceOrientations_iPad = "UIInterfaceOrientationPortrait UIInterfaceOrientationPortraitUpsideDown UIInterfaceOrientationLandscapeLeft UIInterfaceOrientationLandscapeRight";
				INFOPLIST_KEY_UISupportedInterfaceOrientations_iPhone = "UIInterfaceOrientationPortrait UIInterfaceOrientationLandscapeLeft UIInterfaceOrientationLandscapeRight";
				LD_RUNPATH_SEARCH_PATHS = (
					"$(inherited)",
					"@executable_path/Frameworks",
				);
				MARKETING_VERSION = 1.0;
				PRODUCT_BUNDLE_IDENTIFIER = com.nanicky.dev.team.FitnestX;
				PRODUCT_NAME = "$(TARGET_NAME)";
				SWIFT_EMIT_LOC_STRINGS = YES;
				SWIFT_VERSION = 5.0;
				TARGETED_DEVICE_FAMILY = "1,2";
			};
			name = Release;
		};
		82CBB85C28991F4400DA44D8 /* Debug */ = {
			isa = XCBuildConfiguration;
			buildSettings = {
				ALWAYS_EMBED_SWIFT_STANDARD_LIBRARIES = YES;
				BUNDLE_LOADER = "$(TEST_HOST)";
				CODE_SIGN_STYLE = Automatic;
				CURRENT_PROJECT_VERSION = 1;
				GENERATE_INFOPLIST_FILE = YES;
				IPHONEOS_DEPLOYMENT_TARGET = 15.0;
				LD_RUNPATH_SEARCH_PATHS = (
					"$(inherited)",
					"@executable_path/Frameworks",
					"@loader_path/Frameworks",
				);
				MARKETING_VERSION = 1.0;
				PRODUCT_BUNDLE_IDENTIFIER = com.nanicky.dev.team.FitnestXTests;
				PRODUCT_NAME = "$(TARGET_NAME)";
				SWIFT_EMIT_LOC_STRINGS = NO;
				SWIFT_VERSION = 5.0;
				TARGETED_DEVICE_FAMILY = "1,2";
				TEST_HOST = "$(BUILT_PRODUCTS_DIR)/FitnestX.app/FitnestX";
			};
			name = Debug;
		};
		82CBB85D28991F4400DA44D8 /* Release */ = {
			isa = XCBuildConfiguration;
			buildSettings = {
				ALWAYS_EMBED_SWIFT_STANDARD_LIBRARIES = YES;
				BUNDLE_LOADER = "$(TEST_HOST)";
				CODE_SIGN_STYLE = Automatic;
				CURRENT_PROJECT_VERSION = 1;
				GENERATE_INFOPLIST_FILE = YES;
				IPHONEOS_DEPLOYMENT_TARGET = 15.0;
				LD_RUNPATH_SEARCH_PATHS = (
					"$(inherited)",
					"@executable_path/Frameworks",
					"@loader_path/Frameworks",
				);
				MARKETING_VERSION = 1.0;
				PRODUCT_BUNDLE_IDENTIFIER = com.nanicky.dev.team.FitnestXTests;
				PRODUCT_NAME = "$(TARGET_NAME)";
				SWIFT_EMIT_LOC_STRINGS = NO;
				SWIFT_VERSION = 5.0;
				TARGETED_DEVICE_FAMILY = "1,2";
				TEST_HOST = "$(BUILT_PRODUCTS_DIR)/FitnestX.app/FitnestX";
			};
			name = Release;
		};
		82CBB85F28991F4400DA44D8 /* Debug */ = {
			isa = XCBuildConfiguration;
			buildSettings = {
				ALWAYS_EMBED_SWIFT_STANDARD_LIBRARIES = YES;
				CODE_SIGN_STYLE = Automatic;
				CURRENT_PROJECT_VERSION = 1;
				GENERATE_INFOPLIST_FILE = YES;
				LD_RUNPATH_SEARCH_PATHS = (
					"$(inherited)",
					"@executable_path/Frameworks",
					"@loader_path/Frameworks",
				);
				MARKETING_VERSION = 1.0;
				PRODUCT_BUNDLE_IDENTIFIER = com.nanicky.dev.team.FitnestXUITests;
				PRODUCT_NAME = "$(TARGET_NAME)";
				SWIFT_EMIT_LOC_STRINGS = NO;
				SWIFT_VERSION = 5.0;
				TARGETED_DEVICE_FAMILY = "1,2";
				TEST_TARGET_NAME = FitnestX;
			};
			name = Debug;
		};
		82CBB86028991F4400DA44D8 /* Release */ = {
			isa = XCBuildConfiguration;
			buildSettings = {
				ALWAYS_EMBED_SWIFT_STANDARD_LIBRARIES = YES;
				CODE_SIGN_STYLE = Automatic;
				CURRENT_PROJECT_VERSION = 1;
				GENERATE_INFOPLIST_FILE = YES;
				LD_RUNPATH_SEARCH_PATHS = (
					"$(inherited)",
					"@executable_path/Frameworks",
					"@loader_path/Frameworks",
				);
				MARKETING_VERSION = 1.0;
				PRODUCT_BUNDLE_IDENTIFIER = com.nanicky.dev.team.FitnestXUITests;
				PRODUCT_NAME = "$(TARGET_NAME)";
				SWIFT_EMIT_LOC_STRINGS = NO;
				SWIFT_VERSION = 5.0;
				TARGETED_DEVICE_FAMILY = "1,2";
				TEST_TARGET_NAME = FitnestX;
			};
			name = Release;
		};
/* End XCBuildConfiguration section */

/* Begin XCConfigurationList section */
		82CBB82928991F4200DA44D8 /* Build configuration list for PBXProject "FitnestX" */ = {
			isa = XCConfigurationList;
			buildConfigurations = (
				82CBB85628991F4400DA44D8 /* Debug */,
				82CBB85728991F4400DA44D8 /* Release */,
			);
			defaultConfigurationIsVisible = 0;
			defaultConfigurationName = Release;
		};
		82CBB85828991F4400DA44D8 /* Build configuration list for PBXNativeTarget "FitnestX" */ = {
			isa = XCConfigurationList;
			buildConfigurations = (
				82CBB85928991F4400DA44D8 /* Debug */,
				82CBB85A28991F4400DA44D8 /* Release */,
			);
			defaultConfigurationIsVisible = 0;
			defaultConfigurationName = Release;
		};
		82CBB85B28991F4400DA44D8 /* Build configuration list for PBXNativeTarget "FitnestXTests" */ = {
			isa = XCConfigurationList;
			buildConfigurations = (
				82CBB85C28991F4400DA44D8 /* Debug */,
				82CBB85D28991F4400DA44D8 /* Release */,
			);
			defaultConfigurationIsVisible = 0;
			defaultConfigurationName = Release;
		};
		82CBB85E28991F4400DA44D8 /* Build configuration list for PBXNativeTarget "FitnestXUITests" */ = {
			isa = XCConfigurationList;
			buildConfigurations = (
				82CBB85F28991F4400DA44D8 /* Debug */,
				82CBB86028991F4400DA44D8 /* Release */,
			);
			defaultConfigurationIsVisible = 0;
			defaultConfigurationName = Release;
		};
/* End XCConfigurationList section */
	};
	rootObject = 82CBB82628991F4200DA44D8 /* Project object */;
}
